
Microsoft Visual Studio Solution File, Format Version 12.00
# Visual Studio Version 16
VisualStudioVersion = 16.0.29418.71
MinimumVisualStudioVersion = 10.0.40219.1
Project("{FAE04EC0-301F-11D3-BF4B-00C04F79EFBC}") = "HotelManagementSystem1", "HotelManagementSystem1.csproj", "{401E3599-E78F-429E-B15B-A8720E40FD98}"
EndProject
Global
	GlobalSection(SolutionConfigurationPlatforms) = preSolution
		Debug|Any CPU = Debug|Any CPU
		Release|Any CPU = Release|Any CPU
	EndGlobalSection
	GlobalSection(ProjectConfigurationPlatforms) = postSolution
		{401E3599-E78F-429E-B15B-A8720E40FD98}.Debug|Any CPU.ActiveCfg = Debug|Any CPU
		{401E3599-E78F-429E-B15B-A8720E40FD98}.Debug|Any CPU.Build.0 = Debug|Any CPU
		{401E3599-E78F-429E-B15B-A8720E40FD98}.Release|Any CPU.ActiveCfg = Release|Any CPU
		{401E3599-E78F-429E-B15B-A8720E40FD98}.Release|Any CPU.Build.0 = Release|Any CPU
	EndGlobalSection
	GlobalSection(SolutionProperties) = preSolution
		HideSolutionNode = FALSE
	EndGlobalSection
	GlobalSection(ExtensibilityGlobals) = postSolution
		SolutionGuid = {E66E9644-12CF-49FE-B45B-8BE6972CACBF}
	EndGlobalSection
EndGlobal
